<Solution>
  <Configurations>
    <Platform Name="Any CPU" />
    <Platform Name="x64" />
    <Platform Name="x86" />
  </Configurations>
  <Project Path="Crucible.Common.Authentication/Crucible.Common.Authentication.csproj" />
  <Project Path="Crucible.Common.Tests/Crucible.Common.Tests.csproj" />
</Solution>
